
Microsoft Visual Studio Solution File, Format Version 12.00
# Visual Studio Version 16
VisualStudioVersion = 16.0.33027.164
MinimumVisualStudioVersion = 10.0.40219.1
Project("{FAE04EC0-301F-11D3-BF4B-00C04F79EFBC}") = "PageObjectModel", "PageObjectModel.csproj", "{F5E5089A-7F45-419F-93AE-D416C419AAB9}"
EndProject
Global
	GlobalSection(SolutionConfigurationPlatforms) = preSolution
		Debug|Any CPU = Debug|Any CPU
		Release|Any CPU = Release|Any CPU
	EndGlobalSection
	GlobalSection(ProjectConfigurationPlatforms) = postSolution
		{F5E5089A-7F45-419F-93AE-D416C419AAB9}.Debug|Any CPU.ActiveCfg = Debug|Any CPU
		{F5E5089A-7F45-419F-93AE-D416C419AAB9}.Debug|Any CPU.Build.0 = Debug|Any CPU
		{F5E5089A-7F45-419F-93AE-D416C419AAB9}.Release|Any CPU.ActiveCfg = Release|Any CPU
		{F5E5089A-7F45-419F-93AE-D416C419AAB9}.Release|Any CPU.Build.0 = Release|Any CPU
	EndGlobalSection
	GlobalSection(SolutionProperties) = preSolution
		HideSolutionNode = FALSE
	EndGlobalSection
	GlobalSection(ExtensibilityGlobals) = postSolution
		SolutionGuid = {3B26008F-40A9-4022-9BC9-E51F31BB0708}
	EndGlobalSection
EndGlobal
